
Microsoft Visual Studio Solution File, Format Version 12.00
# Visual Studio Version 16
VisualStudioVersion = 16.0.30320.27
MinimumVisualStudioVersion = 10.0.40219.1
Project("{9A19103F-16F7-4668-BE54-9A1E7A4F7556}") = "TripFlip.Domain.Entities", "TripFlip.DataAccess\TripFlip.Domain.Entities.csproj", "{6F36BFB9-E16D-4E57-9908-0F571D85863C}"
EndProject
Project("{FAE04EC0-301F-11D3-BF4B-00C04F79EFBC}") = "TripFlip.Infrastructure", "TripFlip.Infrastructure\TripFlip.Infrastructure.csproj", "{24FED5E0-B5A4-4589-AABA-7D453E6D2C62}"
EndProject
Global
	GlobalSection(SolutionConfigurationPlatforms) = preSolution
		Debug|Any CPU = Debug|Any CPU
		Release|Any CPU = Release|Any CPU
	EndGlobalSection
	GlobalSection(ProjectConfigurationPlatforms) = postSolution
		{6F36BFB9-E16D-4E57-9908-0F571D85863C}.Debug|Any CPU.ActiveCfg = Debug|Any CPU
		{6F36BFB9-E16D-4E57-9908-0F571D85863C}.Debug|Any CPU.Build.0 = Debug|Any CPU
		{6F36BFB9-E16D-4E57-9908-0F571D85863C}.Release|Any CPU.ActiveCfg = Release|Any CPU
		{6F36BFB9-E16D-4E57-9908-0F571D85863C}.Release|Any CPU.Build.0 = Release|Any CPU
		{24FED5E0-B5A4-4589-AABA-7D453E6D2C62}.Debug|Any CPU.ActiveCfg = Debug|Any CPU
		{24FED5E0-B5A4-4589-AABA-7D453E6D2C62}.Debug|Any CPU.Build.0 = Debug|Any CPU
		{24FED5E0-B5A4-4589-AABA-7D453E6D2C62}.Release|Any CPU.ActiveCfg = Release|Any CPU
		{24FED5E0-B5A4-4589-AABA-7D453E6D2C62}.Release|Any CPU.Build.0 = Release|Any CPU
	EndGlobalSection
	GlobalSection(SolutionProperties) = preSolution
		HideSolutionNode = FALSE
	EndGlobalSection
	GlobalSection(ExtensibilityGlobals) = postSolution
		SolutionGuid = {658CB155-8D40-4D61-AEA1-B01333C9BD28}
	EndGlobalSection
EndGlobal
