
Microsoft Visual Studio Solution File, Format Version 12.00
# Visual Studio Version 16
VisualStudioVersion = 16.0.30114.105
MinimumVisualStudioVersion = 10.0.40219.1
Project("{FAE04EC0-301F-11D3-BF4B-00C04F79EFBC}") = "WebAPI_Horoscope", "WebAPI_Horoscope.csproj", "{5C57E76D-6912-4AAE-B6BF-D933C602251E}"
EndProject
Global
	GlobalSection(SolutionConfigurationPlatforms) = preSolution
		Debug|Any CPU = Debug|Any CPU
		Release|Any CPU = Release|Any CPU
	EndGlobalSection
	GlobalSection(ProjectConfigurationPlatforms) = postSolution
		{5C57E76D-6912-4AAE-B6BF-D933C602251E}.Debug|Any CPU.ActiveCfg = Debug|Any CPU
		{5C57E76D-6912-4AAE-B6BF-D933C602251E}.Debug|Any CPU.Build.0 = Debug|Any CPU
		{5C57E76D-6912-4AAE-B6BF-D933C602251E}.Release|Any CPU.ActiveCfg = Release|Any CPU
		{5C57E76D-6912-4AAE-B6BF-D933C602251E}.Release|Any CPU.Build.0 = Release|Any CPU
	EndGlobalSection
	GlobalSection(SolutionProperties) = preSolution
		HideSolutionNode = FALSE
	EndGlobalSection
	GlobalSection(ExtensibilityGlobals) = postSolution
		SolutionGuid = {48D71EA5-5D3E-470C-AC9F-5DD964D5607D}
	EndGlobalSection
EndGlobal
