
Microsoft Visual Studio Solution File, Format Version 12.00
# Visual Studio Version 16
VisualStudioVersion = 16.0.30320.27
MinimumVisualStudioVersion = 10.0.40219.1
Project("{FAE04EC0-301F-11D3-BF4B-00C04F79EFBC}") = "ConsoleCryptography", "ConsoleCryptography.csproj", "{F1A5BF50-7363-4F60-9F26-33C9CEDE16DB}"
EndProject
Global
	GlobalSection(SolutionConfigurationPlatforms) = preSolution
		Debug|Any CPU = Debug|Any CPU
		Release|Any CPU = Release|Any CPU
	EndGlobalSection
	GlobalSection(ProjectConfigurationPlatforms) = postSolution
		{F1A5BF50-7363-4F60-9F26-33C9CEDE16DB}.Debug|Any CPU.ActiveCfg = Debug|Any CPU
		{F1A5BF50-7363-4F60-9F26-33C9CEDE16DB}.Debug|Any CPU.Build.0 = Debug|Any CPU
		{F1A5BF50-7363-4F60-9F26-33C9CEDE16DB}.Release|Any CPU.ActiveCfg = Release|Any CPU
		{F1A5BF50-7363-4F60-9F26-33C9CEDE16DB}.Release|Any CPU.Build.0 = Release|Any CPU
	EndGlobalSection
	GlobalSection(SolutionProperties) = preSolution
		HideSolutionNode = FALSE
	EndGlobalSection
	GlobalSection(ExtensibilityGlobals) = postSolution
		SolutionGuid = {8986848E-BD00-4048-A46D-A8A8301DFDBA}
	EndGlobalSection
EndGlobal
